
Microsoft Visual Studio Solution File, Format Version 12.00
# Visual Studio Version 16
VisualStudioVersion = 16.0.32802.440
MinimumVisualStudioVersion = 10.0.40219.1
Project("{FAE04EC0-301F-11D3-BF4B-00C04F79EFBC}") = "AbstractGeoFigure", "AbstractGeoFigure.csproj", "{31DB10D4-D29F-48A0-9930-158D0AEED725}"
EndProject
Global
	GlobalSection(SolutionConfigurationPlatforms) = preSolution
		Debug|Any CPU = Debug|Any CPU
		Release|Any CPU = Release|Any CPU
	EndGlobalSection
	GlobalSection(ProjectConfigurationPlatforms) = postSolution
		{31DB10D4-D29F-48A0-9930-158D0AEED725}.Debug|Any CPU.ActiveCfg = Debug|Any CPU
		{31DB10D4-D29F-48A0-9930-158D0AEED725}.Debug|Any CPU.Build.0 = Debug|Any CPU
		{31DB10D4-D29F-48A0-9930-158D0AEED725}.Release|Any CPU.ActiveCfg = Release|Any CPU
		{31DB10D4-D29F-48A0-9930-158D0AEED725}.Release|Any CPU.Build.0 = Release|Any CPU
	EndGlobalSection
	GlobalSection(SolutionProperties) = preSolution
		HideSolutionNode = FALSE
	EndGlobalSection
	GlobalSection(ExtensibilityGlobals) = postSolution
		SolutionGuid = {45AC4201-5D76-4B81-AE77-C1D9F1388F2B}
	EndGlobalSection
EndGlobal
